
Microsoft Visual Studio Solution File, Format Version 11.00
# Visual Studio 2010
Project("{FAE04EC0-301F-11D3-BF4B-00C04F79EFBC}") = "SrtImport", "SrtImport\SrtImport.csproj", "{F5CC4943-ECEA-45E2-91ED-DD852718DAC2}"
EndProject
Global
	GlobalSection(SolutionConfigurationPlatforms) = preSolution
		Debug|x86 = Debug|x86
		Release|x86 = Release|x86
	EndGlobalSection
	GlobalSection(ProjectConfigurationPlatforms) = postSolution
		{F5CC4943-ECEA-45E2-91ED-DD852718DAC2}.Debug|x86.ActiveCfg = Debug|x86
		{F5CC4943-ECEA-45E2-91ED-DD852718DAC2}.Debug|x86.Build.0 = Debug|x86
		{F5CC4943-ECEA-45E2-91ED-DD852718DAC2}.Release|x86.ActiveCfg = Release|x86
		{F5CC4943-ECEA-45E2-91ED-DD852718DAC2}.Release|x86.Build.0 = Release|x86
	EndGlobalSection
	GlobalSection(SolutionProperties) = preSolution
		HideSolutionNode = FALSE
	EndGlobalSection
EndGlobal
